// !$*UTF8*$!
{
	archiveVersion = 1;
	classes = {
	};
	objectVersion = 55;
	objects = {

/* Begin PBXBuildFile section */
		3D6586E828A4E120001312F3 /* FavoriteButton.swift in Sources */ = {isa = PBXBuildFile; fileRef = 3D6586E728A4E120001312F3 /* FavoriteButton.swift */; };
		3DDAC18B289E318E00E03BC8 /* LandmarksApp.swift in Sources */ = {isa = PBXBuildFile; fileRef = 3DDAC18A289E318E00E03BC8 /* LandmarksApp.swift */; };
		3DDAC18D289E318E00E03BC8 /* ContentView.swift in Sources */ = {isa = PBXBuildFile; fileRef = 3DDAC18C289E318E00E03BC8 /* ContentView.swift */; };
		3DDAC18F289E319100E03BC8 /* Assets.xcassets in Resources */ = {isa = PBXBuildFile; fileRef = 3DDAC18E289E319100E03BC8 /* Assets.xcassets */; };
		3DDAC192289E319100E03BC8 /* Preview Assets.xcassets in Resources */ = {isa = PBXBuildFile; fileRef = 3DDAC191289E319100E03BC8 /* Preview Assets.xcassets */; };
		3DDAC199289ECD2500E03BC8 /* CircleImage.swift in Sources */ = {isa = PBXBuildFile; fileRef = 3DDAC198289ECD2500E03BC8 /* CircleImage.swift */; };
		3DDAC19B289ED3EF00E03BC8 /* MapView.swift in Sources */ = {isa = PBXBuildFile; fileRef = 3DDAC19A289ED3EF00E03BC8 /* MapView.swift */; };
		3DDAC19F289FCEEB00E03BC8 /* Landmark.swift in Sources */ = {isa = PBXBuildFile; fileRef = 3DDAC19E289FCEEB00E03BC8 /* Landmark.swift */; };
		3DDAC1C6289FD07B00E03BC8 /* turtlerock@2x.jpg in Resources */ = {isa = PBXBuildFile; fileRef = 3DDAC1B6289FD07B00E03BC8 /* turtlerock@2x.jpg */; };
		3DDAC1D7289FD96900E03BC8 /* umbagog@2x.jpg in Resources */ = {isa = PBXBuildFile; fileRef = 3DDAC1CB289FD96900E03BC8 /* umbagog@2x.jpg */; };
		3DDAC1D8289FD96900E03BC8 /* twinlake@2x.jpg in Resources */ = {isa = PBXBuildFile; fileRef = 3DDAC1CC289FD96900E03BC8 /* twinlake@2x.jpg */; };
		3DDAC1D9289FD96900E03BC8 /* chincoteague@2x.jpg in Resources */ = {isa = PBXBuildFile; fileRef = 3DDAC1CD289FD96900E03BC8 /* chincoteague@2x.jpg */; };
		3DDAC1DA289FD96900E03BC8 /* lakemcdonald@2x.jpg in Resources */ = {isa = PBXBuildFile; fileRef = 3DDAC1CE289FD96900E03BC8 /* lakemcdonald@2x.jpg */; };
		3DDAC1DB289FD96900E03BC8 /* silversalmoncreek@2x.jpg in Resources */ = {isa = PBXBuildFile; fileRef = 3DDAC1CF289FD96900E03BC8 /* silversalmoncreek@2x.jpg */; };
		3DDAC1DC289FD96900E03BC8 /* icybay@2x.jpg in Resources */ = {isa = PBXBuildFile; fileRef = 3DDAC1D0289FD96900E03BC8 /* icybay@2x.jpg */; };
		3DDAC1DD289FD96900E03BC8 /* hiddenlake@2x.jpg in Resources */ = {isa = PBXBuildFile; fileRef = 3DDAC1D1289FD96900E03BC8 /* hiddenlake@2x.jpg */; };
		3DDAC1DE289FD96900E03BC8 /* chilkoottrail@2x.jpg in Resources */ = {isa = PBXBuildFile; fileRef = 3DDAC1D2289FD96900E03BC8 /* chilkoottrail@2x.jpg */; };
		3DDAC1DF289FD96900E03BC8 /* stmarylake@2x.jpg in Resources */ = {isa = PBXBuildFile; fileRef = 3DDAC1D3289FD96900E03BC8 /* stmarylake@2x.jpg */; };
		3DDAC1E0289FD96900E03BC8 /* charleyrivers@2x.jpg in Resources */ = {isa = PBXBuildFile; fileRef = 3DDAC1D4289FD96900E03BC8 /* charleyrivers@2x.jpg */; };
		3DDAC1E1289FD96900E03BC8 /* rainbowlake@2x.jpg in Resources */ = {isa = PBXBuildFile; fileRef = 3DDAC1D5289FD96900E03BC8 /* rainbowlake@2x.jpg */; };
		3DDAC1E2289FD96900E03BC8 /* landmarkData.json in Resources */ = {isa = PBXBuildFile; fileRef = 3DDAC1D6289FD96900E03BC8 /* landmarkData.json */; };
		3DDAC1E4289FDDA100E03BC8 /* ModelData.swift in Sources */ = {isa = PBXBuildFile; fileRef = 3DDAC1E3289FDDA100E03BC8 /* ModelData.swift */; };
		3DDAC1E8289FFFAB00E03BC8 /* LandmarkRow.swift in Sources */ = {isa = PBXBuildFile; fileRef = 3DDAC1E7289FFFAB00E03BC8 /* LandmarkRow.swift */; };
		3DDAC1EA28A02B3500E03BC8 /* LandmarkList.swift in Sources */ = {isa = PBXBuildFile; fileRef = 3DDAC1E928A02B3500E03BC8 /* LandmarkList.swift */; };
		3DDAC1EC28A02E7800E03BC8 /* LandmarkDetail.swift in Sources */ = {isa = PBXBuildFile; fileRef = 3DDAC1EB28A02E7800E03BC8 /* LandmarkDetail.swift */; };
/* End PBXBuildFile section */

/* Begin PBXFileReference section */
		3D6586E728A4E120001312F3 /* FavoriteButton.swift */ = {isa = PBXFileReference; lastKnownFileType = sourcecode.swift; path = FavoriteButton.swift; sourceTree = "<group>"; };
		3DDAC187289E318E00E03BC8 /* Landmarks.app */ = {isa = PBXFileReference; explicitFileType = wrapper.application; includeInIndex = 0; path = Landmarks.app; sourceTree = BUILT_PRODUCTS_DIR; };
		3DDAC18A289E318E00E03BC8 /* LandmarksApp.swift */ = {isa = PBXFileReference; lastKnownFileType = sourcecode.swift; path = LandmarksApp.swift; sourceTree = "<group>"; };
		3DDAC18C289E318E00E03BC8 /* ContentView.swift */ = {isa = PBXFileReference; lastKnownFileType = sourcecode.swift; path = ContentView.swift; sourceTree = "<group>"; };
		3DDAC18E289E319100E03BC8 /* Assets.xcassets */ = {isa = PBXFileReference; lastKnownFileType = folder.assetcatalog; path = Assets.xcassets; sourceTree = "<group>"; };
		3DDAC191289E319100E03BC8 /* Preview Assets.xcassets */ = {isa = PBXFileReference; lastKnownFileType = folder.assetcatalog; path = "Preview Assets.xcassets"; sourceTree = "<group>"; };
		3DDAC198289ECD2500E03BC8 /* CircleImage.swift */ = {isa = PBXFileReference; lastKnownFileType = sourcecode.swift; path = CircleImage.swift; sourceTree = "<group>"; };
		3DDAC19A289ED3EF00E03BC8 /* MapView.swift */ = {isa = PBXFileReference; lastKnownFileType = sourcecode.swift; path = MapView.swift; sourceTree = "<group>"; };
		3DDAC19E289FCEEB00E03BC8 /* Landmark.swift */ = {isa = PBXFileReference; lastKnownFileType = sourcecode.swift; path = Landmark.swift; sourceTree = "<group>"; };
		3DDAC1B6289FD07B00E03BC8 /* turtlerock@2x.jpg */ = {isa = PBXFileReference; lastKnownFileType = image.jpeg; path = "turtlerock@2x.jpg"; sourceTree = "<group>"; };
		3DDAC1CB289FD96900E03BC8 /* umbagog@2x.jpg */ = {isa = PBXFileReference; lastKnownFileType = image.jpeg; path = "umbagog@2x.jpg"; sourceTree = "<group>"; };
		3DDAC1CC289FD96900E03BC8 /* twinlake@2x.jpg */ = {isa = PBXFileReference; lastKnownFileType = image.jpeg; path = "twinlake@2x.jpg"; sourceTree = "<group>"; };
		3DDAC1CD289FD96900E03BC8 /* chincoteague@2x.jpg */ = {isa = PBXFileReference; lastKnownFileType = image.jpeg; path = "chincoteague@2x.jpg"; sourceTree = "<group>"; };
		3DDAC1CE289FD96900E03BC8 /* lakemcdonald@2x.jpg */ = {isa = PBXFileReference; lastKnownFileType = image.jpeg; path = "lakemcdonald@2x.jpg"; sourceTree = "<group>"; };
		3DDAC1CF289FD96900E03BC8 /* silversalmoncreek@2x.jpg */ = {isa = PBXFileReference; lastKnownFileType = image.jpeg; path = "silversalmoncreek@2x.jpg"; sourceTree = "<group>"; };
		3DDAC1D0289FD96900E03BC8 /* icybay@2x.jpg */ = {isa = PBXFileReference; lastKnownFileType = image.jpeg; path = "icybay@2x.jpg"; sourceTree = "<group>"; };
		3DDAC1D1289FD96900E03BC8 /* hiddenlake@2x.jpg */ = {isa = PBXFileReference; lastKnownFileType = image.jpeg; path = "hiddenlake@2x.jpg"; sourceTree = "<group>"; };
		3DDAC1D2289FD96900E03BC8 /* chilkoottrail@2x.jpg */ = {isa = PBXFileReference; lastKnownFileType = image.jpeg; path = "chilkoottrail@2x.jpg"; sourceTree = "<group>"; };
		3DDAC1D3289FD96900E03BC8 /* stmarylake@2x.jpg */ = {isa = PBXFileReference; lastKnownFileType = image.jpeg; path = "stmarylake@2x.jpg"; sourceTree = "<group>"; };
		3DDAC1D4289FD96900E03BC8 /* charleyrivers@2x.jpg */ = {isa = PBXFileReference; lastKnownFileType = image.jpeg; path = "charleyrivers@2x.jpg"; sourceTree = "<group>"; };
		3DDAC1D5289FD96900E03BC8 /* rainbowlake@2x.jpg */ = {isa = PBXFileReference; lastKnownFileType = image.jpeg; path = "rainbowlake@2x.jpg"; sourceTree = "<group>"; };
		3DDAC1D6289FD96900E03BC8 /* landmarkData.json */ = {isa = PBXFileReference; fileEncoding = 4; lastKnownFileType = text.json; path = landmarkData.json; sourceTree = "<group>"; };
		3DDAC1E3289FDDA100E03BC8 /* ModelData.swift */ = {isa = PBXFileReference; lastKnownFileType = sourcecode.swift; path = ModelData.swift; sourceTree = "<group>"; };
		3DDAC1E7289FFFAB00E03BC8 /* LandmarkRow.swift */ = {isa = PBXFileReference; lastKnownFileType = sourcecode.swift; path = LandmarkRow.swift; sourceTree = "<group>"; };
		3DDAC1E928A02B3500E03BC8 /* LandmarkList.swift */ = {isa = PBXFileReference; lastKnownFileType = sourcecode.swift; path = LandmarkList.swift; sourceTree = "<group>"; };
		3DDAC1EB28A02E7800E03BC8 /* LandmarkDetail.swift */ = {isa = PBXFileReference; lastKnownFileType = sourcecode.swift; path = LandmarkDetail.swift; sourceTree = "<group>"; };
/* End PBXFileReference section */

/* Begin PBXFrameworksBuildPhase section */
		3DDAC184289E318E00E03BC8 /* Frameworks */ = {
			isa = PBXFrameworksBuildPhase;
			buildActionMask = 2147483647;
			files = (
			);
			runOnlyForDeploymentPostprocessing = 0;
		};
/* End PBXFrameworksBuildPhase section */

/* Begin PBXGroup section */
		3D29D94328C5F30B002B76E0 /* Helpers */ = {
			isa = PBXGroup;
			children = (
				3DDAC198289ECD2500E03BC8 /* CircleImage.swift */,
				3DDAC19A289ED3EF00E03BC8 /* MapView.swift */,
				3D6586E728A4E120001312F3 /* FavoriteButton.swift */,
			);
			path = Helpers;
			sourceTree = "<group>";
		};
		3D29D94428C5F36D002B76E0 /* Landmarks */ = {
			isa = PBXGroup;
			children = (
				3DDAC1E7289FFFAB00E03BC8 /* LandmarkRow.swift */,
				3DDAC1E928A02B3500E03BC8 /* LandmarkList.swift */,
				3DDAC1EB28A02E7800E03BC8 /* LandmarkDetail.swift */,
			);
			path = Landmarks;
			sourceTree = "<group>";
		};
		3DDAC17E289E318E00E03BC8 = {
			isa = PBXGroup;
			children = (
				3DDAC189289E318E00E03BC8 /* Landmarks */,
				3DDAC188289E318E00E03BC8 /* Products */,
			);
			sourceTree = "<group>";
		};
		3DDAC188289E318E00E03BC8 /* Products */ = {
			isa = PBXGroup;
			children = (
				3DDAC187289E318E00E03BC8 /* Landmarks.app */,
			);
			name = Products;
			sourceTree = "<group>";
		};
		3DDAC189289E318E00E03BC8 /* Landmarks */ = {
			isa = PBXGroup;
			children = (
				3DDAC18A289E318E00E03BC8 /* LandmarksApp.swift */,
				3DDAC18E289E319100E03BC8 /* Assets.xcassets */,
				3DDAC1B3289FD07B00E03BC8 /* Resources */,
				3DDAC1E6289FDE9700E03BC8 /* Models */,
				3DDAC1E5289FDE8200E03BC8 /* Views */,
				3DDAC190289E319100E03BC8 /* Preview Content */,
			);
			path = Landmarks;
			sourceTree = "<group>";
		};
		3DDAC190289E319100E03BC8 /* Preview Content */ = {
			isa = PBXGroup;
			children = (
				3DDAC191289E319100E03BC8 /* Preview Assets.xcassets */,
			);
			path = "Preview Content";
			sourceTree = "<group>";
		};
		3DDAC1B3289FD07B00E03BC8 /* Resources */ = {
			isa = PBXGroup;
			children = (
				3DDAC1CA289FD96900E03BC8 /* Images */,
				3DDAC1D6289FD96900E03BC8 /* landmarkData.json */,
			);
			path = Resources;
			sourceTree = "<group>";
		};
		3DDAC1CA289FD96900E03BC8 /* Images */ = {
			isa = PBXGroup;
			children = (
				3DDAC1B6289FD07B00E03BC8 /* turtlerock@2x.jpg */,
				3DDAC1CB289FD96900E03BC8 /* umbagog@2x.jpg */,
				3DDAC1CC289FD96900E03BC8 /* twinlake@2x.jpg */,
				3DDAC1CD289FD96900E03BC8 /* chincoteague@2x.jpg */,
				3DDAC1CE289FD96900E03BC8 /* lakemcdonald@2x.jpg */,
				3DDAC1CF289FD96900E03BC8 /* silversalmoncreek@2x.jpg */,
				3DDAC1D0289FD96900E03BC8 /* icybay@2x.jpg */,
				3DDAC1D1289FD96900E03BC8 /* hiddenlake@2x.jpg */,
				3DDAC1D2289FD96900E03BC8 /* chilkoottrail@2x.jpg */,
				3DDAC1D3289FD96900E03BC8 /* stmarylake@2x.jpg */,
				3DDAC1D4289FD96900E03BC8 /* charleyrivers@2x.jpg */,
				3DDAC1D5289FD96900E03BC8 /* rainbowlake@2x.jpg */,
			);
			path = Images;
			sourceTree = "<group>";
		};
		3DDAC1E5289FDE8200E03BC8 /* Views */ = {
			isa = PBXGroup;
			children = (
				3DDAC18C289E318E00E03BC8 /* ContentView.swift */,
				3D29D94428C5F36D002B76E0 /* Landmarks */,
				3D29D94328C5F30B002B76E0 /* Helpers */,
			);
			path = Views;
			sourceTree = "<group>";
		};
		3DDAC1E6289FDE9700E03BC8 /* Models */ = {
			isa = PBXGroup;
			children = (
				3DDAC1E3289FDDA100E03BC8 /* ModelData.swift */,
				3DDAC19E289FCEEB00E03BC8 /* Landmark.swift */,
			);
			path = Models;
			sourceTree = "<group>";
		};
/* End PBXGroup section */

/* Begin PBXNativeTarget section */
		3DDAC186289E318E00E03BC8 /* Landmarks */ = {
			isa = PBXNativeTarget;
			buildConfigurationList = 3DDAC195289E319100E03BC8 /* Build configuration list for PBXNativeTarget "Landmarks" */;
			buildPhases = (
				3DDAC183289E318E00E03BC8 /* Sources */,
				3DDAC184289E318E00E03BC8 /* Frameworks */,
				3DDAC185289E318E00E03BC8 /* Resources */,
			);
			buildRules = (
			);
			dependencies = (
			);
			name = Landmarks;
			productName = Landmarks;
			productReference = 3DDAC187289E318E00E03BC8 /* Landmarks.app */;
			productType = "com.apple.product-type.application";
		};
/* End PBXNativeTarget section */

/* Begin PBXProject section */
		3DDAC17F289E318E00E03BC8 /* Project object */ = {
			isa = PBXProject;
			attributes = {
				BuildIndependentTargetsInParallel = 1;
				LastSwiftUpdateCheck = 1340;
				LastUpgradeCheck = 1340;
				TargetAttributes = {
					3DDAC186289E318E00E03BC8 = {
						CreatedOnToolsVersion = 13.4.1;
					};
				};
			};
			buildConfigurationList = 3DDAC182289E318E00E03BC8 /* Build configuration list for PBXProject "Landmarks" */;
			compatibilityVersion = "Xcode 13.0";
			developmentRegion = en;
			hasScannedForEncodings = 0;
			knownRegions = (
				en,
				Base,
			);
			mainGroup = 3DDAC17E289E318E00E03BC8;
			productRefGroup = 3DDAC188289E318E00E03BC8 /* Products */;
			projectDirPath = "";
			projectRoot = "";
			targets = (
				3DDAC186289E318E00E03BC8 /* Landmarks */,
			);
		};
/* End PBXProject section */

/* Begin PBXResourcesBuildPhase section */
		3DDAC185289E318E00E03BC8 /* Resources */ = {
			isa = PBXResourcesBuildPhase;
			buildActionMask = 2147483647;
			files = (
				3DDAC1E0289FD96900E03BC8 /* charleyrivers@2x.jpg in Resources */,
				3DDAC192289E319100E03BC8 /* Preview Assets.xcassets in Resources */,
				3DDAC1DD289FD96900E03BC8 /* hiddenlake@2x.jpg in Resources */,
				3DDAC1D7289FD96900E03BC8 /* umbagog@2x.jpg in Resources */,
				3DDAC1E1289FD96900E03BC8 /* rainbowlake@2x.jpg in Resources */,
				3DDAC1DC289FD96900E03BC8 /* icybay@2x.jpg in Resources */,
				3DDAC1DB289FD96900E03BC8 /* silversalmoncreek@2x.jpg in Resources */,
				3DDAC18F289E319100E03BC8 /* Assets.xcassets in Resources */,
				3DDAC1E2289FD96900E03BC8 /* landmarkData.json in Resources */,
				3DDAC1D8289FD96900E03BC8 /* twinlake@2x.jpg in Resources */,
				3DDAC1DF289FD96900E03BC8 /* stmarylake@2x.jpg in Resources */,
				3DDAC1DA289FD96900E03BC8 /* lakemcdonald@2x.jpg in Resources */,
				3DDAC1DE289FD96900E03BC8 /* chilkoottrail@2x.jpg in Resources */,
				3DDAC1C6289FD07B00E03BC8 /* turtlerock@2x.jpg in Resources */,
				3DDAC1D9289FD96900E03BC8 /* chincoteague@2x.jpg in Resources */,
			);
			runOnlyForDeploymentPostprocessing = 0;
		};
/* End PBXResourcesBuildPhase section */

/* Begin PBXSourcesBuildPhase section */
		3DDAC183289E318E00E03BC8 /* Sources */ = {
			isa = PBXSourcesBuildPhase;
			buildActionMask = 2147483647;
			files = (
				3DDAC18D289E318E00E03BC8 /* ContentView.swift in Sources */,
				3DDAC19B289ED3EF00E03BC8 /* MapView.swift in Sources */,
				3DDAC18B289E318E00E03BC8 /* LandmarksApp.swift in Sources */,
				3D6586E828A4E120001312F3 /* FavoriteButton.swift in Sources */,
				3DDAC1EA28A02B3500E03BC8 /* LandmarkList.swift in Sources */,
				3DDAC199289ECD2500E03BC8 /* CircleImage.swift in Sources */,
				3DDAC19F289FCEEB00E03BC8 /* Landmark.swift in Sources */,
				3DDAC1E8289FFFAB00E03BC8 /* LandmarkRow.swift in Sources */,
				3DDAC1EC28A02E7800E03BC8 /* LandmarkDetail.swift in Sources */,
				3DDAC1E4289FDDA100E03BC8 /* ModelData.swift in Sources */,
			);
			runOnlyForDeploymentPostprocessing = 0;
		};
/* End PBXSourcesBuildPhase section */

/* Begin XCBuildConfiguration section */
		3DDAC193289E319100E03BC8 /* Debug */ = {
			isa = XCBuildConfiguration;
			buildSettings = {
				ALWAYS_SEARCH_USER_PATHS = NO;
				CLANG_ANALYZER_NONNULL = YES;
				CLANG_ANALYZER_NUMBER_OBJECT_CONVERSION = YES_AGGRESSIVE;
				CLANG_CXX_LANGUAGE_STANDARD = "gnu++17";
				CLANG_ENABLE_MODULES = YES;
				CLANG_ENABLE_OBJC_ARC = YES;
				CLANG_ENABLE_OBJC_WEAK = YES;
				CLANG_WARN_BLOCK_CAPTURE_AUTORELEASING = YES;
				CLANG_WARN_BOOL_CONVERSION = YES;
				CLANG_WARN_COMMA = YES;
				CLANG_WARN_CONSTANT_CONVERSION = YES;
				CLANG_WARN_DEPRECATED_OBJC_IMPLEMENTATIONS = YES;
				CLANG_WARN_DIRECT_OBJC_ISA_USAGE = YES_ERROR;
				CLANG_WARN_DOCUMENTATION_COMMENTS = YES;
				CLANG_WARN_EMPTY_BODY = YES;
				CLANG_WARN_ENUM_CONVERSION = YES;
				CLANG_WARN_INFINITE_RECURSION = YES;
				CLANG_WARN_INT_CONVERSION = YES;
				CLANG_WARN_NON_LITERAL_NULL_CONVERSION = YES;
				CLANG_WARN_OBJC_IMPLICIT_RETAIN_SELF = YES;
				CLANG_WARN_OBJC_LITERAL_CONVERSION = YES;
				CLANG_WARN_OBJC_ROOT_CLASS = YES_ERROR;
				CLANG_WARN_QUOTED_INCLUDE_IN_FRAMEWORK_HEADER = YES;
				CLANG_WARN_RANGE_LOOP_ANALYSIS = YES;
				CLANG_WARN_STRICT_PROTOTYPES = YES;
				CLANG_WARN_SUSPICIOUS_MOVE = YES;
				CLANG_WARN_UNGUARDED_AVAILABILITY = YES_AGGRESSIVE;
				CLANG_WARN_UNREACHABLE_CODE = YES;
				CLANG_WARN__DUPLICATE_METHOD_MATCH = YES;
				COPY_PHASE_STRIP = NO;
				DEBUG_INFORMATION_FORMAT = dwarf;
				ENABLE_STRICT_OBJC_MSGSEND = YES;
				ENABLE_TESTABILITY = YES;
				GCC_C_LANGUAGE_STANDARD = gnu11;
				GCC_DYNAMIC_NO_PIC = NO;
				GCC_NO_COMMON_BLOCKS = YES;
				GCC_OPTIMIZATION_LEVEL = 0;
				GCC_PREPROCESSOR_DEFINITIONS = (
					"DEBUG=1",
					"$(inherited)",
				);
				GCC_WARN_64_TO_32_BIT_CONVERSION = YES;
				GCC_WARN_ABOUT_RETURN_TYPE = YES_ERROR;
				GCC_WARN_UNDECLARED_SELECTOR = YES;
				GCC_WARN_UNINITIALIZED_AUTOS = YES_AGGRESSIVE;
				GCC_WARN_UNUSED_FUNCTION = YES;
				GCC_WARN_UNUSED_VARIABLE = YES;
				IPHONEOS_DEPLOYMENT_TARGET = 15.5;
				MTL_ENABLE_DEBUG_INFO = INCLUDE_SOURCE;
				MTL_FAST_MATH = YES;
				ONLY_ACTIVE_ARCH = YES;
				SDKROOT = iphoneos;
				SWIFT_ACTIVE_COMPILATION_CONDITIONS = DEBUG;
				SWIFT_OPTIMIZATION_LEVEL = "-Onone";
			};
			name = Debug;
		};
		3DDAC194289E319100E03BC8 /* Release */ = {
			isa = XCBuildConfiguration;
			buildSettings = {
				ALWAYS_SEARCH_USER_PATHS = NO;
				CLANG_ANALYZER_NONNULL = YES;
				CLANG_ANALYZER_NUMBER_OBJECT_CONVERSION = YES_AGGRESSIVE;
				CLANG_CXX_LANGUAGE_STANDARD = "gnu++17";
				CLANG_ENABLE_MODULES = YES;
				CLANG_ENABLE_OBJC_ARC = YES;
				CLANG_ENABLE_OBJC_WEAK = YES;
				CLANG_WARN_BLOCK_CAPTURE_AUTORELEASING = YES;
				CLANG_WARN_BOOL_CONVERSION = YES;
				CLANG_WARN_COMMA = YES;
				CLANG_WARN_CONSTANT_CONVERSION = YES;
				CLANG_WARN_DEPRECATED_OBJC_IMPLEMENTATIONS = YES;
				CLANG_WARN_DIRECT_OBJC_ISA_USAGE = YES_ERROR;
				CLANG_WARN_DOCUMENTATION_COMMENTS = YES;
				CLANG_WARN_EMPTY_BODY = YES;
				CLANG_WARN_ENUM_CONVERSION = YES;
				CLANG_WARN_INFINITE_RECURSION = YES;
				CLANG_WARN_INT_CONVERSION = YES;
				CLANG_WARN_NON_LITERAL_NULL_CONVERSION = YES;
				CLANG_WARN_OBJC_IMPLICIT_RETAIN_SELF = YES;
				CLANG_WARN_OBJC_LITERAL_CONVERSION = YES;
				CLANG_WARN_OBJC_ROOT_CLASS = YES_ERROR;
				CLANG_WARN_QUOTED_INCLUDE_IN_FRAMEWORK_HEADER = YES;
				CLANG_WARN_RANGE_LOOP_ANALYSIS = YES;
				CLANG_WARN_STRICT_PROTOTYPES = YES;
				CLANG_WARN_SUSPICIOUS_MOVE = YES;
				CLANG_WARN_UNGUARDED_AVAILABILITY = YES_AGGRESSIVE;
				CLANG_WARN_UNREACHABLE_CODE = YES;
				CLANG_WARN__DUPLICATE_METHOD_MATCH = YES;
				COPY_PHASE_STRIP = NO;
				DEBUG_INFORMATION_FORMAT = "dwarf-with-dsym";
				ENABLE_NS_ASSERTIONS = NO;
				ENABLE_STRICT_OBJC_MSGSEND = YES;
				GCC_C_LANGUAGE_STANDARD = gnu11;
				GCC_NO_COMMON_BLOCKS = YES;
				GCC_WARN_64_TO_32_BIT_CONVERSION = YES;
				GCC_WARN_ABOUT_RETURN_TYPE = YES_ERROR;
				GCC_WARN_UNDECLARED_SELECTOR = YES;
				GCC_WARN_UNINITIALIZED_AUTOS = YES_AGGRESSIVE;
				GCC_WARN_UNUSED_FUNCTION = YES;
				GCC_WARN_UNUSED_VARIABLE = YES;
				IPHONEOS_DEPLOYMENT_TARGET = 15.5;
				MTL_ENABLE_DEBUG_INFO = NO;
				MTL_FAST_MATH = YES;
				SDKROOT = iphoneos;
				SWIFT_COMPILATION_MODE = wholemodule;
				SWIFT_OPTIMIZATION_LEVEL = "-O";
				VALIDATE_PRODUCT = YES;
			};
			name = Release;
		};
		3DDAC196289E319100E03BC8 /* Debug */ = {
			isa = XCBuildConfiguration;
			buildSettings = {
				ASSETCATALOG_COMPILER_APPICON_NAME = AppIcon;
				ASSETCATALOG_COMPILER_GLOBAL_ACCENT_COLOR_NAME = AccentColor;
				CODE_SIGN_STYLE = Automatic;
				CURRENT_PROJECT_VERSION = 1;
				DEVELOPMENT_ASSET_PATHS = "\"Landmarks/Preview Content\"";
				ENABLE_PREVIEWS = YES;
				GENERATE_INFOPLIST_FILE = YES;
				INFOPLIST_KEY_UIApplicationSceneManifest_Generation = YES;
				INFOPLIST_KEY_UIApplicationSupportsIndirectInputEvents = YES;
				INFOPLIST_KEY_UILaunchScreen_Generation = YES;
				INFOPLIST_KEY_UISupportedInterfaceOrientations_iPad = "UIInterfaceOrientationPortrait UIInterfaceOrientationPortraitUpsideDown UIInterfaceOrientationLandscapeLeft UIInterfaceOrientationLandscapeRight";
				INFOPLIST_KEY_UISupportedInterfaceOrientations_iPhone = "UIInterfaceOrientationPortrait UIInterfaceOrientationLandscapeLeft UIInterfaceOrientationLandscapeRight";
				LD_RUNPATH_SEARCH_PATHS = (
					"$(inherited)",
					"@executable_path/Frameworks",
				);
				MARKETING_VERSION = 1.0;
				PRODUCT_BUNDLE_IDENTIFIER = com.example.apple.Landmarks;
				PRODUCT_NAME = "$(TARGET_NAME)";
				SWIFT_EMIT_LOC_STRINGS = YES;
				SWIFT_VERSION = 5.0;
				TARGETED_DEVICE_FAMILY = "1,2";
			};
			name = Debug;
		};
		3DDAC197289E319100E03BC8 /* Release */ = {
			isa = XCBuildConfiguration;
			buildSettings = {
				ASSETCATALOG_COMPILER_APPICON_NAME = AppIcon;
				ASSETCATALOG_COMPILER_GLOBAL_ACCENT_COLOR_NAME = AccentColor;
				CODE_SIGN_STYLE = Automatic;
				CURRENT_PROJECT_VERSION = 1;
				DEVELOPMENT_ASSET_PATHS = "\"Landmarks/Preview Content\"";
				ENABLE_PREVIEWS = YES;
				GENERATE_INFOPLIST_FILE = YES;
				INFOPLIST_KEY_UIApplicationSceneManifest_Generation = YES;
				INFOPLIST_KEY_UIApplicationSupportsIndirectInputEvents = YES;
				INFOPLIST_KEY_UILaunchScreen_Generation = YES;
				INFOPLIST_KEY_UISupportedInterfaceOrientations_iPad = "UIInterfaceOrientationPortrait UIInterfaceOrientationPortraitUpsideDown UIInterfaceOrientationLandscapeLeft UIInterfaceOrientationLandscapeRight";
				INFOPLIST_KEY_UISupportedInterfaceOrientations_iPhone = "UIInterfaceOrientationPortrait UIInterfaceOrientationLandscapeLeft UIInterfaceOrientationLandscapeRight";
				LD_RUNPATH_SEARCH_PATHS = (
					"$(inherited)",
					"@executable_path/Frameworks",
				);
				MARKETING_VERSION = 1.0;
				PRODUCT_BUNDLE_IDENTIFIER = com.example.apple.Landmarks;
				PRODUCT_NAME = "$(TARGET_NAME)";
				SWIFT_EMIT_LOC_STRINGS = YES;
				SWIFT_VERSION = 5.0;
				TARGETED_DEVICE_FAMILY = "1,2";
			};
			name = Release;
		};
/* End XCBuildConfiguration section */

/* Begin XCConfigurationList section */
		3DDAC182289E318E00E03BC8 /* Build configuration list for PBXProject "Landmarks" */ = {
			isa = XCConfigurationList;
			buildConfigurations = (
				3DDAC193289E319100E03BC8 /* Debug */,
				3DDAC194289E319100E03BC8 /* Release */,
			);
			defaultConfigurationIsVisible = 0;
			defaultConfigurationName = Release;
		};
		3DDAC195289E319100E03BC8 /* Build configuration list for PBXNativeTarget "Landmarks" */ = {
			isa = XCConfigurationList;
			buildConfigurations = (
				3DDAC196289E319100E03BC8 /* Debug */,
				3DDAC197289E319100E03BC8 /* Release */,
			);
			defaultConfigurationIsVisible = 0;
			defaultConfigurationName = Release;
		};
/* End XCConfigurationList section */
	};
	rootObject = 3DDAC17F289E318E00E03BC8 /* Project object */;
}
